
Microsoft Visual Studio Solution File, Format Version 12.00
# Visual Studio Version 16
VisualStudioVersion = 16.0.29215.179
MinimumVisualStudioVersion = 10.0.40219.1
Project("{FAE04EC0-301F-11D3-BF4B-00C04F79EFBC}") = "PlayGame", "PlayGame\PlayGame.csproj", "{667AADDE-FB4F-4EFF-A099-6BE16C939E47}"
EndProject
Global
	GlobalSection(SolutionConfigurationPlatforms) = preSolution
		Debug|Any CPU = Debug|Any CPU
		Release|Any CPU = Release|Any CPU
	EndGlobalSection
	GlobalSection(ProjectConfigurationPlatforms) = postSolution
		{667AADDE-FB4F-4EFF-A099-6BE16C939E47}.Debug|Any CPU.ActiveCfg = Debug|Any CPU
		{667AADDE-FB4F-4EFF-A099-6BE16C939E47}.Debug|Any CPU.Build.0 = Debug|Any CPU
		{667AADDE-FB4F-4EFF-A099-6BE16C939E47}.Release|Any CPU.ActiveCfg = Release|Any CPU
		{667AADDE-FB4F-4EFF-A099-6BE16C939E47}.Release|Any CPU.Build.0 = Release|Any CPU
	EndGlobalSection
	GlobalSection(SolutionProperties) = preSolution
		HideSolutionNode = FALSE
	EndGlobalSection
	GlobalSection(ExtensibilityGlobals) = postSolution
		SolutionGuid = {22CE770A-8812-4D89-9467-D83F21AEE20C}
	EndGlobalSection
EndGlobal
